
Microsoft Visual Studio Solution File, Format Version 12.00
# Visual Studio Version 17
VisualStudioVersion = 17.14.36203.30
MinimumVisualStudioVersion = 10.0.40219.1
Project("{FAE04EC0-301F-11D3-BF4B-00C04F79EFBC}") = "MediaTrackMixer", "MediaTrackMixer\MediaTrackMixer.csproj", "{D8C7E9D0-7E11-4407-B829-4265790C2025}"
EndProject
Project("{D954291E-2A0B-460D-934E-DC6B0785DB48}") = "MediaTrackMixerPage", "MediaTrackMixerPageWinUI\MediaTrackMixerPage.shproj", "{41BD008E-AF39-42E1-9D50-8FB0F51D1A24}"
EndProject
Global
	GlobalSection(SolutionConfigurationPlatforms) = preSolution
		Debug|ARM64 = Debug|ARM64
		Debug|x64 = Debug|x64
		Debug|x86 = Debug|x86
		Release|ARM64 = Release|ARM64
		Release|x64 = Release|x64
		Release|x86 = Release|x86
	EndGlobalSection
	GlobalSection(ProjectConfigurationPlatforms) = postSolution
		{D8C7E9D0-7E11-4407-B829-4265790C2025}.Debug|ARM64.ActiveCfg = Debug|ARM64
		{D8C7E9D0-7E11-4407-B829-4265790C2025}.Debug|ARM64.Build.0 = Debug|ARM64
		{D8C7E9D0-7E11-4407-B829-4265790C2025}.Debug|ARM64.Deploy.0 = Debug|ARM64
		{D8C7E9D0-7E11-4407-B829-4265790C2025}.Debug|x64.ActiveCfg = Debug|x64
		{D8C7E9D0-7E11-4407-B829-4265790C2025}.Debug|x64.Build.0 = Debug|x64
		{D8C7E9D0-7E11-4407-B829-4265790C2025}.Debug|x64.Deploy.0 = Debug|x64
		{D8C7E9D0-7E11-4407-B829-4265790C2025}.Debug|x86.ActiveCfg = Debug|x86
		{D8C7E9D0-7E11-4407-B829-4265790C2025}.Debug|x86.Build.0 = Debug|x86
		{D8C7E9D0-7E11-4407-B829-4265790C2025}.Debug|x86.Deploy.0 = Debug|x86
		{D8C7E9D0-7E11-4407-B829-4265790C2025}.Release|ARM64.ActiveCfg = Release|ARM64
		{D8C7E9D0-7E11-4407-B829-4265790C2025}.Release|ARM64.Build.0 = Release|ARM64
		{D8C7E9D0-7E11-4407-B829-4265790C2025}.Release|ARM64.Deploy.0 = Release|ARM64
		{D8C7E9D0-7E11-4407-B829-4265790C2025}.Release|x64.ActiveCfg = Release|x64
		{D8C7E9D0-7E11-4407-B829-4265790C2025}.Release|x64.Build.0 = Release|x64
		{D8C7E9D0-7E11-4407-B829-4265790C2025}.Release|x64.Deploy.0 = Release|x64
		{D8C7E9D0-7E11-4407-B829-4265790C2025}.Release|x86.ActiveCfg = Release|x86
		{D8C7E9D0-7E11-4407-B829-4265790C2025}.Release|x86.Build.0 = Release|x86
		{D8C7E9D0-7E11-4407-B829-4265790C2025}.Release|x86.Deploy.0 = Release|x86
	EndGlobalSection
	GlobalSection(SolutionProperties) = preSolution
		HideSolutionNode = FALSE
	EndGlobalSection
	GlobalSection(ExtensibilityGlobals) = postSolution
		SolutionGuid = {80F57598-2F9A-43CB-B573-F634B844E31F}
	EndGlobalSection
	GlobalSection(SharedMSBuildProjectFiles) = preSolution
		MediaTrackMixerPageWinUI\MediaTrackMixerPage.projitems*{41bd008e-af39-42e1-9d50-8fb0f51d1a24}*SharedItemsImports = 13
		MediaTrackMixerPageWinUI\MediaTrackMixerPage.projitems*{d8c7e9d0-7e11-4407-b829-4265790c2025}*SharedItemsImports = 5
	EndGlobalSection
EndGlobal
